{
  "name": "swagger-model-generator-ts",
  "version": "0.2.8",
  "lockfileVersion": 1,
  "requires": true,
  "dependencies": {
    "@types/bluebird": {
      "version": "3.5.26",
      "resolved": "https://registry.npmjs.org/@types/bluebird/-/bluebird-3.5.26.tgz",
      "integrity": "sha512-aj2mrBLn5ky0GmAg6IPXrQjnN0iB/ulozuJ+oZdrHRAzRbXjGmu4UXsNCjFvPbSaaPZmniocdOzsM392qLOlmQ=="
    },
    "@types/continuation-local-storage": {
      "version": "3.2.1",
      "resolved": "https://registry.npmjs.org/@types/continuation-local-storage/-/continuation-local-storage-3.2.1.tgz",
      "integrity": "sha1-oz4N+dzptCTRyY/E/evYV43O7H4=",
      "requires": {
        "@types/node": "*"
      }
    },
    "@types/lodash": {
      "version": "4.14.123",
      "resolved": "https://registry.npmjs.org/@types/lodash/-/lodash-4.14.123.tgz",
      "integrity": "sha512-pQvPkc4Nltyx7G1Ww45OjVqUsJP4UsZm+GWJpigXgkikZqJgRm4c48g027o6tdgubWHwFRF15iFd+Y4Pmqv6+Q=="
    },
    "@types/node": {
      "version": "11.12.2",
      "resolved": "https://registry.npmjs.org/@types/node/-/node-11.12.2.tgz",
      "integrity": "sha512-c82MtnqWB/CqqK7/zit74Ob8H1dBdV7bK+BcErwtXbe0+nUGkgzq5NTDmRW/pAv2lFtmeNmW95b0zK2hxpeklg=="
    },
    "@types/sequelize": {
      "version": "4.27.46",
      "resolved": "https://registry.npmjs.org/@types/sequelize/-/sequelize-4.27.46.tgz",
      "integrity": "sha512-hqosowwLJsLrR+A8IOVgGQaToaBAZE54WLJmjxARaoHC4hl4lmfzXPNY/JGn3hmxNIhb6klHs7skQ2uJPrlXSA==",
      "requires": {
        "@types/bluebird": "*",
        "@types/continuation-local-storage": "*",
        "@types/lodash": "*",
        "@types/validator": "*"
      }
    },
    "@types/validator": {
      "version": "10.11.0",
      "resolved": "https://registry.npmjs.org/@types/validator/-/validator-10.11.0.tgz",
      "integrity": "sha512-i1aY7RKb6HmQIEnK0cBmUZUp1URx0riIHw/GYNoZ46Su0GWfLiDmMI8zMRmaauMnOTg2bQag0qfwcyUFC9Tn+A=="
    },
    "balanced-match": {
      "version": "1.0.0",
      "resolved": "https://registry.npmjs.org/balanced-match/-/balanced-match-1.0.0.tgz",
      "integrity": "sha1-ibTRmasr7kneFk6gK4nORi1xt2c="
    },
    "brace-expansion": {
      "version": "1.1.11",
      "resolved": "https://registry.npmjs.org/brace-expansion/-/brace-expansion-1.1.11.tgz",
      "integrity": "sha512-iCuPHDFgrHX7H2vEI/5xpz07zSHB00TpugqhmYtVmMO6518mCuRMoOYFldEBl0g187ufozdaHgWKcYFb61qGiA==",
      "requires": {
        "balanced-match": "^1.0.0",
        "concat-map": "0.0.1"
      }
    },
    "concat-map": {
      "version": "0.0.1",
      "resolved": "https://registry.npmjs.org/concat-map/-/concat-map-0.0.1.tgz",
      "integrity": "sha1-2Klr13/Wjfd5OnMDajug1UBdR3s="
    },
    "es6-shim": {
      "version": "0.35.3",
      "resolved": "https://registry.npmjs.org/es6-shim/-/es6-shim-0.35.3.tgz",
      "integrity": "sha1-m/tzY/7//4emzbbNk+QF7DxLbyY="
    },
    "fs": {
      "version": "0.0.1-security",
      "resolved": "https://registry.npmjs.org/fs/-/fs-0.0.1-security.tgz",
      "integrity": "sha1-invTcYa23d84E/I4WLV+yq9eQdQ="
    },
    "fs.realpath": {
      "version": "1.0.0",
      "resolved": "https://registry.npmjs.org/fs.realpath/-/fs.realpath-1.0.0.tgz",
      "integrity": "sha1-FQStJSMVjKpA20onh8sBQRmU6k8="
    },
    "glob": {
      "version": "7.1.2",
      "resolved": "https://registry.npmjs.org/glob/-/glob-7.1.2.tgz",
      "integrity": "sha512-MJTUg1kjuLeQCJ+ccE4Vpa6kKVXkPYJ2mOCQyUuKLcLQsdrMCpBPUi8qVE6+YuaJkozeA9NusTAw3hLr8Xe5EQ==",
      "requires": {
        "fs.realpath": "^1.0.0",
        "inflight": "^1.0.4",
        "inherits": "2",
        "minimatch": "^3.0.4",
        "once": "^1.3.0",
        "path-is-absolute": "^1.0.0"
      }
    },
    "hoek": {
      "version": "6.1.2",
      "resolved": "https://registry.npmjs.org/hoek/-/hoek-6.1.2.tgz",
      "integrity": "sha512-6qhh/wahGYZHFSFw12tBbJw5fsAhhwrrG/y3Cs0YMTv2WzMnL0oLPnQJjv1QJvEfylRSOFuP+xCu+tdx0tD16Q=="
    },
    "inflight": {
      "version": "1.0.6",
      "resolved": "https://registry.npmjs.org/inflight/-/inflight-1.0.6.tgz",
      "integrity": "sha1-Sb1jMdfQLQwJvJEKEHW6gWW1bfk=",
      "requires": {
        "once": "^1.3.0",
        "wrappy": "1"
      }
    },
    "inherits": {
      "version": "2.0.3",
      "resolved": "https://registry.npmjs.org/inherits/-/inherits-2.0.3.tgz",
      "integrity": "sha1-Yzwsg+PaQqUC9SRmAiSA9CCCYd4="
    },
    "isemail": {
      "version": "3.2.0",
      "resolved": "https://registry.npmjs.org/isemail/-/isemail-3.2.0.tgz",
      "integrity": "sha512-zKqkK+O+dGqevc93KNsbZ/TqTUFd46MwWjYOoMrjIMZ51eU7DtQG3Wmd9SQQT7i7RVnuTPEiYEWHU3MSbxC1Tg==",
      "requires": {
        "punycode": "2.x.x"
      }
    },
    "joi": {
      "version": "14.3.1",
      "resolved": "https://registry.npmjs.org/joi/-/joi-14.3.1.tgz",
      "integrity": "sha512-LQDdM+pkOrpAn4Lp+neNIFV3axv1Vna3j38bisbQhETPMANYRbFJFUyOZcOClYvM/hppMhGWuKSFEK9vjrB+bQ==",
      "requires": {
        "hoek": "6.x.x",
        "isemail": "3.x.x",
        "topo": "3.x.x"
      }
    },
    "minimatch": {
      "version": "3.0.4",
      "resolved": "https://registry.npmjs.org/minimatch/-/minimatch-3.0.4.tgz",
      "integrity": "sha512-yJHVQEhyqPLUTgt9B83PXu6W3rx4MvvHvSUvToogpwoGDOUQ+yDrR0HRot+yOCdCO7u4hX3pWft6kWBBcqh0UA==",
      "requires": {
        "brace-expansion": "^1.1.7"
      }
    },
    "minimist": {
      "version": "0.0.8",
      "resolved": "https://registry.npmjs.org/minimist/-/minimist-0.0.8.tgz",
      "integrity": "sha1-hX/Kv8M5fSYluCKCYuhqp6ARsF0="
    },
    "mkdirp": {
      "version": "0.5.1",
      "resolved": "https://registry.npmjs.org/mkdirp/-/mkdirp-0.5.1.tgz",
      "integrity": "sha1-MAV0OOrGz3+MR2fzhkjWaX11yQM=",
      "requires": {
        "minimist": "0.0.8"
      }
    },
    "once": {
      "version": "1.4.0",
      "resolved": "https://registry.npmjs.org/once/-/once-1.4.0.tgz",
      "integrity": "sha1-WDsap3WWHUsROsF9nFC6753Xa9E=",
      "requires": {
        "wrappy": "1"
      }
    },
    "path-is-absolute": {
      "version": "1.0.1",
      "resolved": "https://registry.npmjs.org/path-is-absolute/-/path-is-absolute-1.0.1.tgz",
      "integrity": "sha1-F0uSaHNVNP+8es5r9TpanhtcX18="
    },
    "punycode": {
      "version": "2.1.1",
      "resolved": "https://registry.npmjs.org/punycode/-/punycode-2.1.1.tgz",
      "integrity": "sha512-XRsRjdf+j5ml+y/6GKHPZbrF/8p2Yga0JPtdqTIY2Xe5ohJPD9saDJJLPvp9+NSBprVvevdXZybnj2cv8OEd0A=="
    },
    "sequelize-typescript": {
      "version": "0.6.9",
      "resolved": "https://registry.npmjs.org/sequelize-typescript/-/sequelize-typescript-0.6.9.tgz",
      "integrity": "sha512-8A5gi8BpKx4Gk9BjD3Dxrv7Ps/7PpZuYfoVkQXNMuL9a4M2d2fKZiBLurSA/5KmNgdVrLKKRkyJxghBpFR7tNg==",
      "requires": {
        "@types/bluebird": "3.5.26",
        "@types/node": "11.12.2",
        "@types/sequelize": "4.27.46",
        "es6-shim": "0.35.3",
        "glob": "7.1.2"
      }
    },
    "topo": {
      "version": "3.0.3",
      "resolved": "https://registry.npmjs.org/topo/-/topo-3.0.3.tgz",
      "integrity": "sha512-IgpPtvD4kjrJ7CRA3ov2FhWQADwv+Tdqbsf1ZnPUSAtCJ9e1Z44MmoSGDXGk4IppoZA7jd/QRkNddlLJWlUZsQ==",
      "requires": {
        "hoek": "6.x.x"
      }
    },
    "wrappy": {
      "version": "1.0.2",
      "resolved": "https://registry.npmjs.org/wrappy/-/wrappy-1.0.2.tgz",
      "integrity": "sha1-tSQ9jz7BqjXxNkYFvA0QNuMKtp8="
    }
  }
}
